// !$*UTF8*$!
{
	archiveVersion = 1;
	classes = {
	};
	objectVersion = 46;
	objects = {

/* Begin PBXBuildFile section */
		A243CCD41D759DA2000C9AE0 /* AppDelegate.swift in Sources */ = {isa = PBXBuildFile; fileRef = A243CCD31D759DA2000C9AE0 /* AppDelegate.swift */; };
		A243CCD61D759DA2000C9AE0 /* ViewController.swift in Sources */ = {isa = PBXBuildFile; fileRef = A243CCD51D759DA2000C9AE0 /* ViewController.swift */; };
		A243CCD91D759DA2000C9AE0 /* Main.storyboard in Resources */ = {isa = PBXBuildFile; fileRef = A243CCD71D759DA2000C9AE0 /* Main.storyboard */; };
		A243CCDB1D759DA2000C9AE0 /* Assets.xcassets in Resources */ = {isa = PBXBuildFile; fileRef = A243CCDA1D759DA2000C9AE0 /* Assets.xcassets */; };
		A243CCDE1D759DA2000C9AE0 /* LaunchScreen.storyboard in Resources */ = {isa = PBXBuildFile; fileRef = A243CCDC1D759DA2000C9AE0 /* LaunchScreen.storyboard */; };
		A243CCE91D759DA2000C9AE0 /* HelloWorldTests.swift in Sources */ = {isa = PBXBuildFile; fileRef = A243CCE81D759DA2000C9AE0 /* HelloWorldTests.swift */; };
		A243CCF41D759DA2000C9AE0 /* HelloWorldUITests.swift in Sources */ = {isa = PBXBuildFile; fileRef = A243CCF31D759DA2000C9AE0 /* HelloWorldUITests.swift */; };
		A243CD021D759DFC000C9AE0 /* Hello.swift in Sources */ = {isa = PBXBuildFile; fileRef = A243CD011D759DFC000C9AE0 /* Hello.swift */; };
/* End PBXBuildFile section */

/* Begin PBXContainerItemProxy section */
		A243CCE51D759DA2000C9AE0 /* PBXContainerItemProxy */ = {
			isa = PBXContainerItemProxy;
			containerPortal = A243CCC81D759DA2000C9AE0 /* Project object */;
			proxyType = 1;
			remoteGlobalIDString = A243CCCF1D759DA2000C9AE0;
			remoteInfo = HelloWorld;
		};
		A243CCF01D759DA2000C9AE0 /* PBXContainerItemProxy */ = {
			isa = PBXContainerItemProxy;
			containerPortal = A243CCC81D759DA2000C9AE0 /* Project object */;
			proxyType = 1;
			remoteGlobalIDString = A243CCCF1D759DA2000C9AE0;
			remoteInfo = HelloWorld;
		};
/* End PBXContainerItemProxy section */

/* Begin PBXFileReference section */
		A243CCD01D759DA2000C9AE0 /* HelloWorld.app */ = {isa = PBXFileReference; explicitFileType = wrapper.application; includeInIndex = 0; path = HelloWorld.app; sourceTree = BUILT_PRODUCTS_DIR; };
		A243CCD31D759DA2000C9AE0 /* AppDelegate.swift */ = {isa = PBXFileReference; lastKnownFileType = sourcecode.swift; path = AppDelegate.swift; sourceTree = "<group>"; };
		A243CCD51D759DA2000C9AE0 /* ViewController.swift */ = {isa = PBXFileReference; lastKnownFileType = sourcecode.swift; path = ViewController.swift; sourceTree = "<group>"; };
		A243CCD81D759DA2000C9AE0 /* Base */ = {isa = PBXFileReference; lastKnownFileType = file.storyboard; name = Base; path = Base.lproj/Main.storyboard; sourceTree = "<group>"; };
		A243CCDA1D759DA2000C9AE0 /* Assets.xcassets */ = {isa = PBXFileReference; lastKnownFileType = folder.assetcatalog; path = Assets.xcassets; sourceTree = "<group>"; };
		A243CCDD1D759DA2000C9AE0 /* Base */ = {isa = PBXFileReference; lastKnownFileType = file.storyboard; name = Base; path = Base.lproj/LaunchScreen.storyboard; sourceTree = "<group>"; };
		A243CCDF1D759DA2000C9AE0 /* Info.plist */ = {isa = PBXFileReference; lastKnownFileType = text.plist.xml; path = Info.plist; sourceTree = "<group>"; };
		A243CCE41D759DA2000C9AE0 /* HelloWorldTests.xctest */ = {isa = PBXFileReference; explicitFileType = wrapper.cfbundle; includeInIndex = 0; path = HelloWorldTests.xctest; sourceTree = BUILT_PRODUCTS_DIR; };
		A243CCE81D759DA2000C9AE0 /* HelloWorldTests.swift */ = {isa = PBXFileReference; lastKnownFileType = sourcecode.swift; path = HelloWorldTests.swift; sourceTree = "<group>"; };
		A243CCEA1D759DA2000C9AE0 /* Info.plist */ = {isa = PBXFileReference; lastKnownFileType = text.plist.xml; path = Info.plist; sourceTree = "<group>"; };
		A243CCEF1D759DA2000C9AE0 /* HelloWorldUITests.xctest */ = {isa = PBXFileReference; explicitFileType = wrapper.cfbundle; includeInIndex = 0; path = HelloWorldUITests.xctest; sourceTree = BUILT_PRODUCTS_DIR; };
		A243CCF31D759DA2000C9AE0 /* HelloWorldUITests.swift */ = {isa = PBXFileReference; lastKnownFileType = sourcecode.swift; path = HelloWorldUITests.swift; sourceTree = "<group>"; };
		A243CCF51D759DA2000C9AE0 /* Info.plist */ = {isa = PBXFileReference; lastKnownFileType = text.plist.xml; path = Info.plist; sourceTree = "<group>"; };
		A243CD011D759DFC000C9AE0 /* Hello.swift */ = {isa = PBXFileReference; fileEncoding = 4; lastKnownFileType = sourcecode.swift; path = Hello.swift; sourceTree = "<group>"; };
/* End PBXFileReference section */

/* Begin PBXFrameworksBuildPhase section */
		A243CCCD1D759DA2000C9AE0 /* Frameworks */ = {
			isa = PBXFrameworksBuildPhase;
			buildActionMask = 2147483647;
			files = (
			);
			runOnlyForDeploymentPostprocessing = 0;
		};
		A243CCE11D759DA2000C9AE0 /* Frameworks */ = {
			isa = PBXFrameworksBuildPhase;
			buildActionMask = 2147483647;
			files = (
			);
			runOnlyForDeploymentPostprocessing = 0;
		};
		A243CCEC1D759DA2000C9AE0 /* Frameworks */ = {
			isa = PBXFrameworksBuildPhase;
			buildActionMask = 2147483647;
			files = (
			);
			runOnlyForDeploymentPostprocessing = 0;
		};
/* End PBXFrameworksBuildPhase section */

/* Begin PBXGroup section */
		A243CCC71D759DA2000C9AE0 = {
			isa = PBXGroup;
			children = (
				A243CCD21D759DA2000C9AE0 /* HelloWorld */,
				A243CCE71D759DA2000C9AE0 /* HelloWorldTests */,
				A243CCF21D759DA2000C9AE0 /* HelloWorldUITests */,
				A243CCD11D759DA2000C9AE0 /* Products */,
			);
			sourceTree = "<group>";
		};
		A243CCD11D759DA2000C9AE0 /* Products */ = {
			isa = PBXGroup;
			children = (
				A243CCD01D759DA2000C9AE0 /* HelloWorld.app */,
				A243CCE41D759DA2000C9AE0 /* HelloWorldTests.xctest */,
				A243CCEF1D759DA2000C9AE0 /* HelloWorldUITests.xctest */,
			);
			name = Products;
			sourceTree = "<group>";
		};
		A243CCD21D759DA2000C9AE0 /* HelloWorld */ = {
			isa = PBXGroup;
			children = (
				A243CCD31D759DA2000C9AE0 /* AppDelegate.swift */,
				A243CCD51D759DA2000C9AE0 /* ViewController.swift */,
				A243CCD71D759DA2000C9AE0 /* Main.storyboard */,
				A243CCDA1D759DA2000C9AE0 /* Assets.xcassets */,
				A243CCDC1D759DA2000C9AE0 /* LaunchScreen.storyboard */,
				A243CCDF1D759DA2000C9AE0 /* Info.plist */,
				A243CD011D759DFC000C9AE0 /* Hello.swift */,
			);
			path = HelloWorld;
			sourceTree = "<group>";
		};
		A243CCE71D759DA2000C9AE0 /* HelloWorldTests */ = {
			isa = PBXGroup;
			children = (
				A243CCE81D759DA2000C9AE0 /* HelloWorldTests.swift */,
				A243CCEA1D759DA2000C9AE0 /* Info.plist */,
			);
			path = HelloWorldTests;
			sourceTree = "<group>";
		};
		A243CCF21D759DA2000C9AE0 /* HelloWorldUITests */ = {
			isa = PBXGroup;
			children = (
				A243CCF31D759DA2000C9AE0 /* HelloWorldUITests.swift */,
				A243CCF51D759DA2000C9AE0 /* Info.plist */,
			);
			path = HelloWorldUITests;
			sourceTree = "<group>";
		};
/* End PBXGroup section */

/* Begin PBXNativeTarget section */
		A243CCCF1D759DA2000C9AE0 /* HelloWorld */ = {
			isa = PBXNativeTarget;
			buildConfigurationList = A243CCF81D759DA2000C9AE0 /* Build configuration list for PBXNativeTarget "HelloWorld" */;
			buildPhases = (
				A243CCCC1D759DA2000C9AE0 /* Sources */,
				A243CCCD1D759DA2000C9AE0 /* Frameworks */,
				A243CCCE1D759DA2000C9AE0 /* Resources */,
			);
			buildRules = (
			);
			dependencies = (
			);
			name = HelloWorld;
			productName = HelloWorld;
			productReference = A243CCD01D759DA2000C9AE0 /* HelloWorld.app */;
			productType = "com.apple.product-type.application";
		};
		A243CCE31D759DA2000C9AE0 /* HelloWorldTests */ = {
			isa = PBXNativeTarget;
			buildConfigurationList = A243CCFB1D759DA2000C9AE0 /* Build configuration list for PBXNativeTarget "HelloWorldTests" */;
			buildPhases = (
				A243CCE01D759DA2000C9AE0 /* Sources */,
				A243CCE11D759DA2000C9AE0 /* Frameworks */,
				A243CCE21D759DA2000C9AE0 /* Resources */,
			);
			buildRules = (
			);
			dependencies = (
				A243CCE61D759DA2000C9AE0 /* PBXTargetDependency */,
			);
			name = HelloWorldTests;
			productName = HelloWorldTests;
			productReference = A243CCE41D759DA2000C9AE0 /* HelloWorldTests.xctest */;
			productType = "com.apple.product-type.bundle.unit-test";
		};
		A243CCEE1D759DA2000C9AE0 /* HelloWorldUITests */ = {
			isa = PBXNativeTarget;
			buildConfigurationList = A243CCFE1D759DA2000C9AE0 /* Build configuration list for PBXNativeTarget "HelloWorldUITests" */;
			buildPhases = (
				A243CCEB1D759DA2000C9AE0 /* Sources */,
				A243CCEC1D759DA2000C9AE0 /* Frameworks */,
				A243CCED1D759DA2000C9AE0 /* Resources */,
			);
			buildRules = (
			);
			dependencies = (
				A243CCF11D759DA2000C9AE0 /* PBXTargetDependency */,
			);
			name = HelloWorldUITests;
			productName = HelloWorldUITests;
			productReference = A243CCEF1D759DA2000C9AE0 /* HelloWorldUITests.xctest */;
			productType = "com.apple.product-type.bundle.ui-testing";
		};
/* End PBXNativeTarget section */

/* Begin PBXProject section */
		A243CCC81D759DA2000C9AE0 /* Project object */ = {
			isa = PBXProject;
			attributes = {
				LastSwiftUpdateCheck = 0730;
				LastUpgradeCheck = 0730;
				ORGANIZATIONNAME = "___UP1___";
				TargetAttributes = {
					A243CCCF1D759DA2000C9AE0 = {
						CreatedOnToolsVersion = 7.3.1;
					};
					A243CCE31D759DA2000C9AE0 = {
						CreatedOnToolsVersion = 7.3.1;
						TestTargetID = A243CCCF1D759DA2000C9AE0;
					};
					A243CCEE1D759DA2000C9AE0 = {
						CreatedOnToolsVersion = 7.3.1;
						TestTargetID = A243CCCF1D759DA2000C9AE0;
					};
				};
			};
			buildConfigurationList = A243CCCB1D759DA2000C9AE0 /* Build configuration list for PBXProject "HelloWorld" */;
			compatibilityVersion = "Xcode 3.2";
			developmentRegion = English;
			hasScannedForEncodings = 0;
			knownRegions = (
				en,
				Base,
			);
			mainGroup = A243CCC71D759DA2000C9AE0;
			productRefGroup = A243CCD11D759DA2000C9AE0 /* Products */;
			projectDirPath = "";
			projectRoot = "";
			targets = (
				A243CCCF1D759DA2000C9AE0 /* HelloWorld */,
				A243CCE31D759DA2000C9AE0 /* HelloWorldTests */,
				A243CCEE1D759DA2000C9AE0 /* HelloWorldUITests */,
			);
		};
/* End PBXProject section */

/* Begin PBXResourcesBuildPhase section */
		A243CCCE1D759DA2000C9AE0 /* Resources */ = {
			isa = PBXResourcesBuildPhase;
			buildActionMask = 2147483647;
			files = (
				A243CCDE1D759DA2000C9AE0 /* LaunchScreen.storyboard in Resources */,
				A243CCDB1D759DA2000C9AE0 /* Assets.xcassets in Resources */,
				A243CCD91D759DA2000C9AE0 /* Main.storyboard in Resources */,
			);
			runOnlyForDeploymentPostprocessing = 0;
		};
		A243CCE21D759DA2000C9AE0 /* Resources */ = {
			isa = PBXResourcesBuildPhase;
			buildActionMask = 2147483647;
			files = (
			);
			runOnlyForDeploymentPostprocessing = 0;
		};
		A243CCED1D759DA2000C9AE0 /* Resources */ = {
			isa = PBXResourcesBuildPhase;
			buildActionMask = 2147483647;
			files = (
			);
			runOnlyForDeploymentPostprocessing = 0;
		};
/* End PBXResourcesBuildPhase section */

/* Begin PBXSourcesBuildPhase section */
		A243CCCC1D759DA2000C9AE0 /* Sources */ = {
			isa = PBXSourcesBuildPhase;
			buildActionMask = 2147483647;
			files = (
				A243CCD61D759DA2000C9AE0 /* ViewController.swift in Sources */,
				A243CD021D759DFC000C9AE0 /* Hello.swift in Sources */,
				A243CCD41D759DA2000C9AE0 /* AppDelegate.swift in Sources */,
			);
			runOnlyForDeploymentPostprocessing = 0;
		};
		A243CCE01D759DA2000C9AE0 /* Sources */ = {
			isa = PBXSourcesBuildPhase;
			buildActionMask = 2147483647;
			files = (
				A243CCE91D759DA2000C9AE0 /* HelloWorldTests.swift in Sources */,
			);
			runOnlyForDeploymentPostprocessing = 0;
		};
		A243CCEB1D759DA2000C9AE0 /* Sources */ = {
			isa = PBXSourcesBuildPhase;
			buildActionMask = 2147483647;
			files = (
				A243CCF41D759DA2000C9AE0 /* HelloWorldUITests.swift in Sources */,
			);
			runOnlyForDeploymentPostprocessing = 0;
		};
/* End PBXSourcesBuildPhase section */

/* Begin PBXTargetDependency section */
		A243CCE61D759DA2000C9AE0 /* PBXTargetDependency */ = {
			isa = PBXTargetDependency;
			target = A243CCCF1D759DA2000C9AE0 /* HelloWorld */;
			targetProxy = A243CCE51D759DA2000C9AE0 /* PBXContainerItemProxy */;
		};
		A243CCF11D759DA2000C9AE0 /* PBXTargetDependency */ = {
			isa = PBXTargetDependency;
			target = A243CCCF1D759DA2000C9AE0 /* HelloWorld */;
			targetProxy = A243CCF01D759DA2000C9AE0 /* PBXContainerItemProxy */;
		};
/* End PBXTargetDependency section */

/* Begin PBXVariantGroup section */
		A243CCD71D759DA2000C9AE0 /* Main.storyboard */ = {
			isa = PBXVariantGroup;
			children = (
				A243CCD81D759DA2000C9AE0 /* Base */,
			);
			name = Main.storyboard;
			sourceTree = "<group>";
		};
		A243CCDC1D759DA2000C9AE0 /* LaunchScreen.storyboard */ = {
			isa = PBXVariantGroup;
			children = (
				A243CCDD1D759DA2000C9AE0 /* Base */,
			);
			name = LaunchScreen.storyboard;
			sourceTree = "<group>";
		};
/* End PBXVariantGroup section */

/* Begin XCBuildConfiguration section */
		A243CCF61D759DA2000C9AE0 /* Debug */ = {
			isa = XCBuildConfiguration;
			buildSettings = {
				ALWAYS_SEARCH_USER_PATHS = NO;
				CLANG_ANALYZER_NONNULL = YES;
				CLANG_CXX_LANGUAGE_STANDARD = "gnu++0x";
				CLANG_CXX_LIBRARY = "libc++";
				CLANG_ENABLE_MODULES = YES;
				CLANG_ENABLE_OBJC_ARC = YES;
				CLANG_WARN_BOOL_CONVERSION = YES;
				CLANG_WARN_CONSTANT_CONVERSION = YES;
				CLANG_WARN_DIRECT_OBJC_ISA_USAGE = YES_ERROR;
				CLANG_WARN_EMPTY_BODY = YES;
				CLANG_WARN_ENUM_CONVERSION = YES;
				CLANG_WARN_INT_CONVERSION = YES;
				CLANG_WARN_OBJC_ROOT_CLASS = YES_ERROR;
				CLANG_WARN_UNREACHABLE_CODE = YES;
				CLANG_WARN__DUPLICATE_METHOD_MATCH = YES;
				"CODE_SIGN_IDENTITY[sdk=iphoneos*]" = "iPhone Developer";
				COPY_PHASE_STRIP = NO;
				DEBUG_INFORMATION_FORMAT = dwarf;
				ENABLE_STRICT_OBJC_MSGSEND = YES;
				ENABLE_TESTABILITY = YES;
				GCC_C_LANGUAGE_STANDARD = gnu99;
				GCC_DYNAMIC_NO_PIC = NO;
				GCC_NO_COMMON_BLOCKS = YES;
				GCC_OPTIMIZATION_LEVEL = 0;
				GCC_PREPROCESSOR_DEFINITIONS = (
					"DEBUG=1",
					"$(inherited)",
				);
				GCC_WARN_64_TO_32_BIT_CONVERSION = YES;
				GCC_WARN_ABOUT_RETURN_TYPE = YES_ERROR;
				GCC_WARN_UNDECLARED_SELECTOR = YES;
				GCC_WARN_UNINITIALIZED_AUTOS = YES_AGGRESSIVE;
				GCC_WARN_UNUSED_FUNCTION = YES;
				GCC_WARN_UNUSED_VARIABLE = YES;
				IPHONEOS_DEPLOYMENT_TARGET = 9.3;
				MTL_ENABLE_DEBUG_INFO = YES;
				ONLY_ACTIVE_ARCH = YES;
				SDKROOT = iphoneos;
				SWIFT_OPTIMIZATION_LEVEL = "-Onone";
				TARGETED_DEVICE_FAMILY = "1,2";
			};
			name = Debug;
		};
		A243CCF71D759DA2000C9AE0 /* Release */ = {
			isa = XCBuildConfiguration;
			buildSettings = {
				ALWAYS_SEARCH_USER_PATHS = NO;
				CLANG_ANALYZER_NONNULL = YES;
				CLANG_CXX_LANGUAGE_STANDARD = "gnu++0x";
				CLANG_CXX_LIBRARY = "libc++";
				CLANG_ENABLE_MODULES = YES;
				CLANG_ENABLE_OBJC_ARC = YES;
				CLANG_WARN_BOOL_CONVERSION = YES;
				CLANG_WARN_CONSTANT_CONVERSION = YES;
				CLANG_WARN_DIRECT_OBJC_ISA_USAGE = YES_ERROR;
				CLANG_WARN_EMPTY_BODY = YES;
				CLANG_WARN_ENUM_CONVERSION = YES;
				CLANG_WARN_INT_CONVERSION = YES;
				CLANG_WARN_OBJC_ROOT_CLASS = YES_ERROR;
				CLANG_WARN_UNREACHABLE_CODE = YES;
				CLANG_WARN__DUPLICATE_METHOD_MATCH = YES;
				"CODE_SIGN_IDENTITY[sdk=iphoneos*]" = "iPhone Developer";
				COPY_PHASE_STRIP = NO;
				DEBUG_INFORMATION_FORMAT = "dwarf-with-dsym";
				ENABLE_NS_ASSERTIONS = NO;
				ENABLE_STRICT_OBJC_MSGSEND = YES;
				GCC_C_LANGUAGE_STANDARD = gnu99;
				GCC_NO_COMMON_BLOCKS = YES;
				GCC_WARN_64_TO_32_BIT_CONVERSION = YES;
				GCC_WARN_ABOUT_RETURN_TYPE = YES_ERROR;
				GCC_WARN_UNDECLARED_SELECTOR = YES;
				GCC_WARN_UNINITIALIZED_AUTOS = YES_AGGRESSIVE;
				GCC_WARN_UNUSED_FUNCTION = YES;
				GCC_WARN_UNUSED_VARIABLE = YES;
				IPHONEOS_DEPLOYMENT_TARGET = 9.3;
				MTL_ENABLE_DEBUG_INFO = NO;
				SDKROOT = iphoneos;
				TARGETED_DEVICE_FAMILY = "1,2";
				VALIDATE_PRODUCT = YES;
			};
			name = Release;
		};
		A243CCF91D759DA2000C9AE0 /* Debug */ = {
			isa = XCBuildConfiguration;
			buildSettings = {
				ASSETCATALOG_COMPILER_APPICON_NAME = AppIcon;
				INFOPLIST_FILE = HelloWorld/Info.plist;
				LD_RUNPATH_SEARCH_PATHS = "$(inherited) @executable_path/Frameworks";
				PRODUCT_BUNDLE_IDENTIFIER = up1.HelloWorld;
				PRODUCT_NAME = "$(TARGET_NAME)";
			};
			name = Debug;
		};
		A243CCFA1D759DA2000C9AE0 /* Release */ = {
			isa = XCBuildConfiguration;
			buildSettings = {
				ASSETCATALOG_COMPILER_APPICON_NAME = AppIcon;
				INFOPLIST_FILE = HelloWorld/Info.plist;
				LD_RUNPATH_SEARCH_PATHS = "$(inherited) @executable_path/Frameworks";
				PRODUCT_BUNDLE_IDENTIFIER = up1.HelloWorld;
				PRODUCT_NAME = "$(TARGET_NAME)";
			};
			name = Release;
		};
		A243CCFC1D759DA2000C9AE0 /* Debug */ = {
			isa = XCBuildConfiguration;
			buildSettings = {
				BUNDLE_LOADER = "$(TEST_HOST)";
				INFOPLIST_FILE = HelloWorldTests/Info.plist;
				LD_RUNPATH_SEARCH_PATHS = "$(inherited) @executable_path/Frameworks @loader_path/Frameworks";
				PRODUCT_BUNDLE_IDENTIFIER = up1.HelloWorldTests;
				PRODUCT_NAME = "$(TARGET_NAME)";
				TEST_HOST = "$(BUILT_PRODUCTS_DIR)/HelloWorld.app/HelloWorld";
			};
			name = Debug;
		};
		A243CCFD1D759DA2000C9AE0 /* Release */ = {
			isa = XCBuildConfiguration;
			buildSettings = {
				BUNDLE_LOADER = "$(TEST_HOST)";
				INFOPLIST_FILE = HelloWorldTests/Info.plist;
				LD_RUNPATH_SEARCH_PATHS = "$(inherited) @executable_path/Frameworks @loader_path/Frameworks";
				PRODUCT_BUNDLE_IDENTIFIER = up1.HelloWorldTests;
				PRODUCT_NAME = "$(TARGET_NAME)";
				TEST_HOST = "$(BUILT_PRODUCTS_DIR)/HelloWorld.app/HelloWorld";
			};
			name = Release;
		};
		A243CCFF1D759DA2000C9AE0 /* Debug */ = {
			isa = XCBuildConfiguration;
			buildSettings = {
				INFOPLIST_FILE = HelloWorldUITests/Info.plist;
				LD_RUNPATH_SEARCH_PATHS = "$(inherited) @executable_path/Frameworks @loader_path/Frameworks";
				PRODUCT_BUNDLE_IDENTIFIER = up1.HelloWorldUITests;
				PRODUCT_NAME = "$(TARGET_NAME)";
				TEST_TARGET_NAME = HelloWorld;
			};
			name = Debug;
		};
		A243CD001D759DA2000C9AE0 /* Release */ = {
			isa = XCBuildConfiguration;
			buildSettings = {
				INFOPLIST_FILE = HelloWorldUITests/Info.plist;
				LD_RUNPATH_SEARCH_PATHS = "$(inherited) @executable_path/Frameworks @loader_path/Frameworks";
				PRODUCT_BUNDLE_IDENTIFIER = up1.HelloWorldUITests;
				PRODUCT_NAME = "$(TARGET_NAME)";
				TEST_TARGET_NAME = HelloWorld;
			};
			name = Release;
		};
/* End XCBuildConfiguration section */

/* Begin XCConfigurationList section */
		A243CCCB1D759DA2000C9AE0 /* Build configuration list for PBXProject "HelloWorld" */ = {
			isa = XCConfigurationList;
			buildConfigurations = (
				A243CCF61D759DA2000C9AE0 /* Debug */,
				A243CCF71D759DA2000C9AE0 /* Release */,
			);
			defaultConfigurationIsVisible = 0;
			defaultConfigurationName = Release;
		};
		A243CCF81D759DA2000C9AE0 /* Build configuration list for PBXNativeTarget "HelloWorld" */ = {
			isa = XCConfigurationList;
			buildConfigurations = (
				A243CCF91D759DA2000C9AE0 /* Debug */,
				A243CCFA1D759DA2000C9AE0 /* Release */,
			);
			defaultConfigurationIsVisible = 0;
		};
		A243CCFB1D759DA2000C9AE0 /* Build configuration list for PBXNativeTarget "HelloWorldTests" */ = {
			isa = XCConfigurationList;
			buildConfigurations = (
				A243CCFC1D759DA2000C9AE0 /* Debug */,
				A243CCFD1D759DA2000C9AE0 /* Release */,
			);
			defaultConfigurationIsVisible = 0;
		};
		A243CCFE1D759DA2000C9AE0 /* Build configuration list for PBXNativeTarget "HelloWorldUITests" */ = {
			isa = XCConfigurationList;
			buildConfigurations = (
				A243CCFF1D759DA2000C9AE0 /* Debug */,
				A243CD001D759DA2000C9AE0 /* Release */,
			);
			defaultConfigurationIsVisible = 0;
		};
/* End XCConfigurationList section */
	};
	rootObject = A243CCC81D759DA2000C9AE0 /* Project object */;
}
